
Microsoft Visual Studio Solution File, Format Version 12.00
Project("{FAE04EC0-301F-11D3-BF4B-00C04F79EFBC}") = "MLEM.Demos.Web", "MLEM.Demos.Web\MLEM.Demos.Web.csproj", "{6068095B-AE95-403A-8103-5322DFFED0B9}"
EndProject
Global
	GlobalSection(SolutionConfigurationPlatforms) = preSolution
		Debug|Any CPU = Debug|Any CPU
		Release|Any CPU = Release|Any CPU
	EndGlobalSection
	GlobalSection(ProjectConfigurationPlatforms) = postSolution
		{6068095B-AE95-403A-8103-5322DFFED0B9}.Debug|Any CPU.ActiveCfg = Debug|Any CPU
		{6068095B-AE95-403A-8103-5322DFFED0B9}.Debug|Any CPU.Build.0 = Debug|Any CPU
		{6068095B-AE95-403A-8103-5322DFFED0B9}.Release|Any CPU.ActiveCfg = Release|Any CPU
		{6068095B-AE95-403A-8103-5322DFFED0B9}.Release|Any CPU.Build.0 = Release|Any CPU
	EndGlobalSection
EndGlobal
